{
  "name": "my-blog",
  "lockfileVersion": 2,
  "requires": true,
  "packages": {
    "": {
      "devDependencies": {
        "vue-cli-plugin-admin": "^0.0.13"
      }
    },
    "node_modules/vue-cli-plugin-admin": {
      "version": "0.0.13",
      "resolved": "https://registry.npmmirror.com/vue-cli-plugin-admin/download/vue-cli-plugin-admin-0.0.13.tgz",
      "integrity": "sha1-XoyWb5YyziIHScIPgQo98pDETIc=",
      "dev": true
    }
  },
  "dependencies": {
    "vue-cli-plugin-admin": {
      "version": "0.0.13",
      "resolved": "https://registry.npmmirror.com/vue-cli-plugin-admin/download/vue-cli-plugin-admin-0.0.13.tgz",
      "integrity": "sha1-XoyWb5YyziIHScIPgQo98pDETIc=",
      "dev": true
    }
  }
}
